
Microsoft Visual Studio Solution File, Format Version 12.00
# Visual Studio Version 17
VisualStudioVersion = 17.0.31903.59
MinimumVisualStudioVersion = 10.0.40219.1
Project("{FAE04EC0-301F-11D3-BF4B-00C04F79EFBC}") = "MRecipes.Api", "MRecipes.Api\MRecipes.Api.csproj", "{66DFDF36-F281-4865-AD07-F10D02881829}"
EndProject
Global
	GlobalSection(SolutionConfigurationPlatforms) = preSolution
		Debug|Any CPU = Debug|Any CPU
		Release|Any CPU = Release|Any CPU
	EndGlobalSection
	GlobalSection(ProjectConfigurationPlatforms) = postSolution
		{66DFDF36-F281-4865-AD07-F10D02881829}.Debug|Any CPU.ActiveCfg = Debug|Any CPU
		{66DFDF36-F281-4865-AD07-F10D02881829}.Debug|Any CPU.Build.0 = Debug|Any CPU
		{66DFDF36-F281-4865-AD07-F10D02881829}.Release|Any CPU.ActiveCfg = Release|Any CPU
		{66DFDF36-F281-4865-AD07-F10D02881829}.Release|Any CPU.Build.0 = Release|Any CPU
	EndGlobalSection
	GlobalSection(SolutionProperties) = preSolution
		HideSolutionNode = FALSE
	EndGlobalSection
	GlobalSection(ExtensibilityGlobals) = postSolution
		SolutionGuid = {C3DD53C0-0A11-4EFB-8259-435731509813}
	EndGlobalSection
EndGlobal
